
Microsoft Visual Studio Solution File, Format Version 12.00
# Visual Studio Version 17
VisualStudioVersion = 17.8.34322.80
MinimumVisualStudioVersion = 10.0.40219.1
Project("{FAE04EC0-301F-11D3-BF4B-00C04F79EFBC}") = "While_loop", "While_loop\While_loop.csproj", "{3CE04987-E7C8-437C-B440-936493A80A59}"
EndProject
Global
	GlobalSection(SolutionConfigurationPlatforms) = preSolution
		Debug|Any CPU = Debug|Any CPU
		Release|Any CPU = Release|Any CPU
	EndGlobalSection
	GlobalSection(ProjectConfigurationPlatforms) = postSolution
		{3CE04987-E7C8-437C-B440-936493A80A59}.Debug|Any CPU.ActiveCfg = Debug|Any CPU
		{3CE04987-E7C8-437C-B440-936493A80A59}.Debug|Any CPU.Build.0 = Debug|Any CPU
		{3CE04987-E7C8-437C-B440-936493A80A59}.Release|Any CPU.ActiveCfg = Release|Any CPU
		{3CE04987-E7C8-437C-B440-936493A80A59}.Release|Any CPU.Build.0 = Release|Any CPU
	EndGlobalSection
	GlobalSection(SolutionProperties) = preSolution
		HideSolutionNode = FALSE
	EndGlobalSection
	GlobalSection(ExtensibilityGlobals) = postSolution
		SolutionGuid = {82F3E3A4-8551-474A-83E2-59DEBC6FE2A9}
	EndGlobalSection
EndGlobal
